{
  "version": 4,
  "terraform_version": "1.15.6",
  "serial": 4,
  "lineage": "4b54f0e4-0097-a0b1-2962-aa5ce8291e3f",
  "outputs": {},
  "resources": [
    {
      "mode": "managed",
      "type": "aws_key_pair",
      "name": "deployer_key",
      "provider": "provider[\"registry.terraform.io/hashicorp/aws\"]",
      "instances": [
        {
          "schema_version": 1,
          "attributes": {
            "arn": "arn:aws:ec2:us-east-1:586337033485:key-pair/devops-pipeline-key",
            "fingerprint": "1e:b3:3b:a5:de:c8:e3:74:78:69:76:ed:dd:ea:b4:6a",
            "id": "devops-pipeline-key",
            "key_name": "devops-pipeline-key",
            "key_name_prefix": "",
            "key_pair_id": "key-04c0d3ae2a8a86abd",
            "key_type": "rsa",
            "public_key": "ssh-rsa AAAAB3NzaC1yc2EAAAADAQABAAACAQDNVTEJHlNRHoyjp24jHObLQprtfymN+Kc0IBxiKG9j3F2MZyddnI/SMGt7cR3gK6TswkdIEDG62laisPNv8apuId1V7naGc0MWiEjkwzgABGyrX1gHgHNh8FaIsFL8VW06P9a8yTlleEyhhDapxQe3FDu6ygaBvzLC1hiM1bGa6TTs+wG7kTjWdkztWikcwB5XDfwlO1NbFVxs2PamprWptTLH+BIjo1ac9zXp+9IA5rrQKN63noT5/3E954lJAEggjMxDhGOWmGBBMcpThB/nbIfwYz2NOnQo2JRTBAY3op1AZ651w/LJano/g+/7nsMRNOe6PGm4G8BT3xD2rObDhna8xje0PthLK/tM6kb4dahwarPp21/8P87NFPzYH3wkhCNDaZdPG/dLQThT5h0e3ipjw4aPrbbC2uUilXpPBQiSC4q7aDFEW7w2HoWrMCNYsAlpwKdPS82qeFpKAh3uTVn58w+qeRfcAP48vweHNmltPl5AzVa8t5fz86/GNh5UJL9BHlFPbGlHr8QPQzNAVkZHM0mkHtrWFN2AuXim/HaOgN2KNcVinxd+xkVnkHrB+Qpajem0oTq6L0yesM6IBC/pBM9qHAhTKJWOoyTLz5u1XSJIky2k6CyfPm+7kpCJ3/WT6/ZbQ/JOasR78ORfkysOxFzWXQAcjj3mLIyHGQ== orca@orca",
            "region": "us-east-1",
            "tags": null,
            "tags_all": {}
          },
          "sensitive_attributes": [],
          "identity_schema_version": 0,
          "private": "eyJzY2hlbWFfdmVyc2lvbiI6IjEifQ=="
        }
      ]
    },
    {
      "mode": "managed",
      "type": "aws_security_group",
      "name": "pipeline_sg",
      "provider": "provider[\"registry.terraform.io/hashicorp/aws\"]",
      "instances": [
        {
          "schema_version": 1,
          "attributes": {
            "arn": "arn:aws:ec2:us-east-1:586337033485:security-group/sg-021535ce66cc0b6d4",
            "description": "Allow SSH and web traffic",
            "egress": [
              {
                "cidr_blocks": [
                  "0.0.0.0/0"
                ],
                "description": "",
                "from_port": 0,
                "ipv6_cidr_blocks": [],
                "prefix_list_ids": [],
                "protocol": "-1",
                "security_groups": [],
                "self": false,
                "to_port": 0
              }
            ],
            "id": "sg-021535ce66cc0b6d4",
            "ingress": [
              {
                "cidr_blocks": [
                  "0.0.0.0/0"
                ],
                "description": "",
                "from_port": 22,
                "ipv6_cidr_blocks": [],
                "prefix_list_ids": [],
                "protocol": "tcp",
                "security_groups": [],
                "self": false,
                "to_port": 22
              },
              {
                "cidr_blocks": [
                  "0.0.0.0/0"
                ],
                "description": "",
                "from_port": 3000,
                "ipv6_cidr_blocks": [],
                "prefix_list_ids": [],
                "protocol": "tcp",
                "security_groups": [],
                "self": false,
                "to_port": 3000
              },
              {
                "cidr_blocks": [
                  "0.0.0.0/0"
                ],
                "description": "",
                "from_port": 80,
                "ipv6_cidr_blocks": [],
                "prefix_list_ids": [],
                "protocol": "tcp",
                "security_groups": [],
                "self": false,
                "to_port": 80
              }
            ],
            "name": "devops-pipeline-sg",
            "name_prefix": "",
            "owner_id": "586337033485",
            "region": "us-east-1",
            "revoke_rules_on_delete": false,
            "tags": null,
            "tags_all": {},
            "timeouts": null,
            "vpc_id": "vpc-09a0e398cb07479fd"
          },
          "sensitive_attributes": [],
          "identity_schema_version": 0,
          "identity": {
            "account_id": "586337033485",
            "id": "sg-021535ce66cc0b6d4",
            "region": "us-east-1"
          },
          "private": "eyJlMmJmYjczMC1lY2FhLTExZTYtOGY4OC0zNDM2M2JjN2M0YzAiOnsiY3JlYXRlIjo2MDAwMDAwMDAwMDAsImRlbGV0ZSI6OTAwMDAwMDAwMDAwfSwic2NoZW1hX3ZlcnNpb24iOiIxIn0="
        }
      ]
    }
  ],
  "check_results": null
}
